
Microsoft Visual Studio Solution File, Format Version 12.00
# Visual Studio 2012
Project("{FAE04EC0-301F-11D3-BF4B-00C04F79EFBC}") = "IranSystemConvertor", "IranSystemConvertor.csproj", "{2AE91215-15CE-44D2-83DD-E31087F127D5}"
EndProject
Project("{FAE04EC0-301F-11D3-BF4B-00C04F79EFBC}") = "UnitTests", "..\UnitTests\UnitTests.csproj", "{C779E3F0-C24F-4AAF-B10F-8C09E8665930}"
EndProject
Project("{FAE04EC0-301F-11D3-BF4B-00C04F79EFBC}") = "App", "..\App\App.csproj", "{8F71BA02-3FA6-4AB5-9567-3C613AE91A86}"
EndProject
Global
	GlobalSection(SolutionConfigurationPlatforms) = preSolution
		Debug|Any CPU = Debug|Any CPU
		Release|Any CPU = Release|Any CPU
	EndGlobalSection
	GlobalSection(ProjectConfigurationPlatforms) = postSolution
		{2AE91215-15CE-44D2-83DD-E31087F127D5}.Debug|Any CPU.ActiveCfg = Debug|Any CPU
		{2AE91215-15CE-44D2-83DD-E31087F127D5}.Debug|Any CPU.Build.0 = Debug|Any CPU
		{2AE91215-15CE-44D2-83DD-E31087F127D5}.Release|Any CPU.ActiveCfg = Release|Any CPU
		{2AE91215-15CE-44D2-83DD-E31087F127D5}.Release|Any CPU.Build.0 = Release|Any CPU
		{C779E3F0-C24F-4AAF-B10F-8C09E8665930}.Debug|Any CPU.ActiveCfg = Debug|Any CPU
		{C779E3F0-C24F-4AAF-B10F-8C09E8665930}.Debug|Any CPU.Build.0 = Debug|Any CPU
		{C779E3F0-C24F-4AAF-B10F-8C09E8665930}.Release|Any CPU.ActiveCfg = Release|Any CPU
		{C779E3F0-C24F-4AAF-B10F-8C09E8665930}.Release|Any CPU.Build.0 = Release|Any CPU
		{8F71BA02-3FA6-4AB5-9567-3C613AE91A86}.Debug|Any CPU.ActiveCfg = Debug|Any CPU
		{8F71BA02-3FA6-4AB5-9567-3C613AE91A86}.Debug|Any CPU.Build.0 = Debug|Any CPU
		{8F71BA02-3FA6-4AB5-9567-3C613AE91A86}.Release|Any CPU.ActiveCfg = Release|Any CPU
		{8F71BA02-3FA6-4AB5-9567-3C613AE91A86}.Release|Any CPU.Build.0 = Release|Any CPU
	EndGlobalSection
	GlobalSection(SolutionProperties) = preSolution
		HideSolutionNode = FALSE
	EndGlobalSection
EndGlobal
